// !$*UTF8*$!
{
	archiveVersion = 1;
	classes = {
	};
	objectVersion = 56;
	objects = {

/* Begin PBXBuildFile section */
		AD7C7C482B13148500C8A8CE /* AppDelegate.swift in Sources */ = {isa = PBXBuildFile; fileRef = AD7C7C472B13148500C8A8CE /* AppDelegate.swift */; };
		AD7C7C4A2B13148500C8A8CE /* SceneDelegate.swift in Sources */ = {isa = PBXBuildFile; fileRef = AD7C7C492B13148500C8A8CE /* SceneDelegate.swift */; };
		AD7C7C512B13148600C8A8CE /* Assets.xcassets in Resources */ = {isa = PBXBuildFile; fileRef = AD7C7C502B13148600C8A8CE /* Assets.xcassets */; };
		AD7C7C542B13148600C8A8CE /* LaunchScreen.storyboard in Resources */ = {isa = PBXBuildFile; fileRef = AD7C7C522B13148600C8A8CE /* LaunchScreen.storyboard */; };
		AD7C7C5C2B131C9C00C8A8CE /* CoordinatorProtocol.swift in Sources */ = {isa = PBXBuildFile; fileRef = AD7C7C5B2B131C9C00C8A8CE /* CoordinatorProtocol.swift */; };
		AD7C7C5E2B131D2200C8A8CE /* MainCoordinator.swift in Sources */ = {isa = PBXBuildFile; fileRef = AD7C7C5D2B131D2200C8A8CE /* MainCoordinator.swift */; };
		AD7C7C602B1320F500C8A8CE /* VideoFlowCoordinator.swift in Sources */ = {isa = PBXBuildFile; fileRef = AD7C7C5F2B1320F500C8A8CE /* VideoFlowCoordinator.swift */; };
		AD7C7C622B13221700C8A8CE /* DownloadViewController.swift in Sources */ = {isa = PBXBuildFile; fileRef = AD7C7C612B13221700C8A8CE /* DownloadViewController.swift */; };
		AD7C7C642B1322BA00C8A8CE /* DownloadViewModel.swift in Sources */ = {isa = PBXBuildFile; fileRef = AD7C7C632B1322BA00C8A8CE /* DownloadViewModel.swift */; };
		AD7C7C6A2B147DB600C8A8CE /* ShowViewController.swift in Sources */ = {isa = PBXBuildFile; fileRef = AD7C7C692B147DB600C8A8CE /* ShowViewController.swift */; };
		AD7C7C6C2B14833500C8A8CE /* ShowViewModel.swift in Sources */ = {isa = PBXBuildFile; fileRef = AD7C7C6B2B14833500C8A8CE /* ShowViewModel.swift */; };
		AD7C7C752B14C55800C8A8CE /* CellForShowVC.swift in Sources */ = {isa = PBXBuildFile; fileRef = AD7C7C742B14C55800C8A8CE /* CellForShowVC.swift */; };
		AD7C7C782B14C6FB00C8A8CE /* HeaderForShowVC.swift in Sources */ = {isa = PBXBuildFile; fileRef = AD7C7C772B14C6FB00C8A8CE /* HeaderForShowVC.swift */; };
		AD7C7C7A2B14CA2200C8A8CE /* UIView + extension.swift in Sources */ = {isa = PBXBuildFile; fileRef = AD7C7C792B14CA2200C8A8CE /* UIView + extension.swift */; };
		AD7C7C7C2B14F3CF00C8A8CE /* Print + extension.swift in Sources */ = {isa = PBXBuildFile; fileRef = AD7C7C7B2B14F3CF00C8A8CE /* Print + extension.swift */; };
		AD7C7C7F2B15C86A00C8A8CE /* Constants.swift in Sources */ = {isa = PBXBuildFile; fileRef = AD7C7C7E2B15C86A00C8A8CE /* Constants.swift */; };
		AD9474EA2B2B7481002B888A /* JsonModelsURL.swift in Sources */ = {isa = PBXBuildFile; fileRef = AD9474E92B2B7481002B888A /* JsonModelsURL.swift */; };
		ADB695682B1A2D41001E4C09 /* LocalFilesManager.swift in Sources */ = {isa = PBXBuildFile; fileRef = ADB695672B1A2D41001E4C09 /* LocalFilesManager.swift */; };
		ADBA6E162B187BDD006A23EB /* String + extension.swift in Sources */ = {isa = PBXBuildFile; fileRef = ADBA6E152B187BDD006A23EB /* String + extension.swift */; };
		ADBA6E1B2B189C66006A23EB /* Spinner.swift in Sources */ = {isa = PBXBuildFile; fileRef = ADBA6E1A2B189C66006A23EB /* Spinner.swift */; };
		ADBA6E1D2B18A035006A23EB /* Alerts.swift in Sources */ = {isa = PBXBuildFile; fileRef = ADBA6E1C2B18A035006A23EB /* Alerts.swift */; };
		ADBB992B2B1DDE7700E5DBCD /* YTNetworkService.swift in Sources */ = {isa = PBXBuildFile; fileRef = ADBB992A2B1DDE7700E5DBCD /* YTNetworkService.swift */; };
		ADBB992E2B1DE5EA00E5DBCD /* MediaModel.swift in Sources */ = {isa = PBXBuildFile; fileRef = ADBB992D2B1DE5EA00E5DBCD /* MediaModel.swift */; };
		ADBCBBF62B16244D0070EDC0 /* RouterErrors.swift in Sources */ = {isa = PBXBuildFile; fileRef = ADBCBBF52B16244D0070EDC0 /* RouterErrors.swift */; };
		ADBCBBF82B162E380070EDC0 /* DataMapper.swift in Sources */ = {isa = PBXBuildFile; fileRef = ADBCBBF72B162E380070EDC0 /* DataMapper.swift */; };
		ADBCBBFA2B1631700070EDC0 /* MapperError.swift in Sources */ = {isa = PBXBuildFile; fileRef = ADBCBBF92B1631700070EDC0 /* MapperError.swift */; };
		ADBCBC002B163AD20070EDC0 /* NetworkServiceErrors.swift in Sources */ = {isa = PBXBuildFile; fileRef = ADBCBBFF2B163AD20070EDC0 /* NetworkServiceErrors.swift */; };
		ADBEC2EE2B2B0E82002400EF /* DateFormatter.swift in Sources */ = {isa = PBXBuildFile; fileRef = ADBEC2ED2B2B0E82002400EF /* DateFormatter.swift */; };
		ADC3C4272B3200BC003D8CDA /* Storage.swift in Sources */ = {isa = PBXBuildFile; fileRef = ADC3C4262B3200BC003D8CDA /* Storage.swift */; };
		ADC3C42A2B33451B003D8CDA /* YouTubeKit in Frameworks */ = {isa = PBXBuildFile; productRef = ADC3C4292B33451B003D8CDA /* YouTubeKit */; };
		ADF2B13F2B204E04002A3304 /* XCDYouTubeKit in Frameworks */ = {isa = PBXBuildFile; productRef = ADF2B13E2B204E04002A3304 /* XCDYouTubeKit */; };
		ADF2B1442B2080EF002A3304 /* FileManagerErrors.swift in Sources */ = {isa = PBXBuildFile; fileRef = ADF2B1432B2080EF002A3304 /* FileManagerErrors.swift */; };
/* End PBXBuildFile section */

/* Begin PBXFileReference section */
		AD7C7C442B13148500C8A8CE /* YTDownloader.app */ = {isa = PBXFileReference; explicitFileType = wrapper.application; includeInIndex = 0; path = YTDownloader.app; sourceTree = BUILT_PRODUCTS_DIR; };
		AD7C7C472B13148500C8A8CE /* AppDelegate.swift */ = {isa = PBXFileReference; lastKnownFileType = sourcecode.swift; path = AppDelegate.swift; sourceTree = "<group>"; };
		AD7C7C492B13148500C8A8CE /* SceneDelegate.swift */ = {isa = PBXFileReference; lastKnownFileType = sourcecode.swift; path = SceneDelegate.swift; sourceTree = "<group>"; };
		AD7C7C502B13148600C8A8CE /* Assets.xcassets */ = {isa = PBXFileReference; lastKnownFileType = folder.assetcatalog; path = Assets.xcassets; sourceTree = "<group>"; };
		AD7C7C532B13148600C8A8CE /* Base */ = {isa = PBXFileReference; lastKnownFileType = file.storyboard; name = Base; path = Base.lproj/LaunchScreen.storyboard; sourceTree = "<group>"; };
		AD7C7C552B13148600C8A8CE /* Info.plist */ = {isa = PBXFileReference; lastKnownFileType = text.plist.xml; path = Info.plist; sourceTree = "<group>"; };
		AD7C7C5B2B131C9C00C8A8CE /* CoordinatorProtocol.swift */ = {isa = PBXFileReference; lastKnownFileType = sourcecode.swift; path = CoordinatorProtocol.swift; sourceTree = "<group>"; };
		AD7C7C5D2B131D2200C8A8CE /* MainCoordinator.swift */ = {isa = PBXFileReference; lastKnownFileType = sourcecode.swift; path = MainCoordinator.swift; sourceTree = "<group>"; };
		AD7C7C5F2B1320F500C8A8CE /* VideoFlowCoordinator.swift */ = {isa = PBXFileReference; lastKnownFileType = sourcecode.swift; path = VideoFlowCoordinator.swift; sourceTree = "<group>"; };
		AD7C7C612B13221700C8A8CE /* DownloadViewController.swift */ = {isa = PBXFileReference; lastKnownFileType = sourcecode.swift; path = DownloadViewController.swift; sourceTree = "<group>"; };
		AD7C7C632B1322BA00C8A8CE /* DownloadViewModel.swift */ = {isa = PBXFileReference; lastKnownFileType = sourcecode.swift; path = DownloadViewModel.swift; sourceTree = "<group>"; };
		AD7C7C692B147DB600C8A8CE /* ShowViewController.swift */ = {isa = PBXFileReference; lastKnownFileType = sourcecode.swift; path = ShowViewController.swift; sourceTree = "<group>"; };
		AD7C7C6B2B14833500C8A8CE /* ShowViewModel.swift */ = {isa = PBXFileReference; lastKnownFileType = sourcecode.swift; path = ShowViewModel.swift; sourceTree = "<group>"; };
		AD7C7C742B14C55800C8A8CE /* CellForShowVC.swift */ = {isa = PBXFileReference; lastKnownFileType = sourcecode.swift; path = CellForShowVC.swift; sourceTree = "<group>"; };
		AD7C7C772B14C6FB00C8A8CE /* HeaderForShowVC.swift */ = {isa = PBXFileReference; lastKnownFileType = sourcecode.swift; path = HeaderForShowVC.swift; sourceTree = "<group>"; };
		AD7C7C792B14CA2200C8A8CE /* UIView + extension.swift */ = {isa = PBXFileReference; lastKnownFileType = sourcecode.swift; path = "UIView + extension.swift"; sourceTree = "<group>"; };
		AD7C7C7B2B14F3CF00C8A8CE /* Print + extension.swift */ = {isa = PBXFileReference; lastKnownFileType = sourcecode.swift; path = "Print + extension.swift"; sourceTree = "<group>"; };
		AD7C7C7E2B15C86A00C8A8CE /* Constants.swift */ = {isa = PBXFileReference; lastKnownFileType = sourcecode.swift; path = Constants.swift; sourceTree = "<group>"; };
		AD861BEB2B1F3B30005D60E4 /* XCDYouTubeKit */ = {isa = PBXFileReference; lastKnownFileType = wrapper; name = XCDYouTubeKit; path = "../../../../Library/Developer/Xcode/DerivedData/YouOn-edqgsnqsntabbydgcdgsllgrzdkb/SourcePackages/checkouts/XCDYouTubeKit"; sourceTree = "<group>"; };
		AD9474E92B2B7481002B888A /* JsonModelsURL.swift */ = {isa = PBXFileReference; lastKnownFileType = sourcecode.swift; path = JsonModelsURL.swift; sourceTree = "<group>"; };
		ADB695672B1A2D41001E4C09 /* LocalFilesManager.swift */ = {isa = PBXFileReference; lastKnownFileType = sourcecode.swift; path = LocalFilesManager.swift; sourceTree = "<group>"; };
		ADBA6E152B187BDD006A23EB /* String + extension.swift */ = {isa = PBXFileReference; lastKnownFileType = sourcecode.swift; path = "String + extension.swift"; sourceTree = "<group>"; };
		ADBA6E1A2B189C66006A23EB /* Spinner.swift */ = {isa = PBXFileReference; lastKnownFileType = sourcecode.swift; path = Spinner.swift; sourceTree = "<group>"; };
		ADBA6E1C2B18A035006A23EB /* Alerts.swift */ = {isa = PBXFileReference; lastKnownFileType = sourcecode.swift; path = Alerts.swift; sourceTree = "<group>"; };
		ADBB992A2B1DDE7700E5DBCD /* YTNetworkService.swift */ = {isa = PBXFileReference; lastKnownFileType = sourcecode.swift; path = YTNetworkService.swift; sourceTree = "<group>"; };
		ADBB992D2B1DE5EA00E5DBCD /* MediaModel.swift */ = {isa = PBXFileReference; lastKnownFileType = sourcecode.swift; path = MediaModel.swift; sourceTree = "<group>"; };
		ADBCBBF52B16244D0070EDC0 /* RouterErrors.swift */ = {isa = PBXFileReference; lastKnownFileType = sourcecode.swift; path = RouterErrors.swift; sourceTree = "<group>"; };
		ADBCBBF72B162E380070EDC0 /* DataMapper.swift */ = {isa = PBXFileReference; lastKnownFileType = sourcecode.swift; path = DataMapper.swift; sourceTree = "<group>"; };
		ADBCBBF92B1631700070EDC0 /* MapperError.swift */ = {isa = PBXFileReference; lastKnownFileType = sourcecode.swift; path = MapperError.swift; sourceTree = "<group>"; };
		ADBCBBFF2B163AD20070EDC0 /* NetworkServiceErrors.swift */ = {isa = PBXFileReference; lastKnownFileType = sourcecode.swift; path = NetworkServiceErrors.swift; sourceTree = "<group>"; };
		ADBEC2ED2B2B0E82002400EF /* DateFormatter.swift */ = {isa = PBXFileReference; lastKnownFileType = sourcecode.swift; path = DateFormatter.swift; sourceTree = "<group>"; };
		ADC3C4262B3200BC003D8CDA /* Storage.swift */ = {isa = PBXFileReference; lastKnownFileType = sourcecode.swift; path = Storage.swift; sourceTree = "<group>"; };
		ADF2B1432B2080EF002A3304 /* FileManagerErrors.swift */ = {isa = PBXFileReference; lastKnownFileType = sourcecode.swift; path = FileManagerErrors.swift; sourceTree = "<group>"; };
/* End PBXFileReference section */

/* Begin PBXFrameworksBuildPhase section */
		AD7C7C412B13148500C8A8CE /* Frameworks */ = {
			isa = PBXFrameworksBuildPhase;
			buildActionMask = 2147483647;
			files = (
				ADF2B13F2B204E04002A3304 /* XCDYouTubeKit in Frameworks */,
				ADC3C42A2B33451B003D8CDA /* YouTubeKit in Frameworks */,
			);
			runOnlyForDeploymentPostprocessing = 0;
		};
/* End PBXFrameworksBuildPhase section */

/* Begin PBXGroup section */
		AD7C7C3B2B13148500C8A8CE = {
			isa = PBXGroup;
			children = (
				ADEB8EFC2B1F34F700213FCD /* Packages */,
				AD7C7C462B13148500C8A8CE /* YTDownloader */,
				AD7C7C452B13148500C8A8CE /* Products */,
			);
			sourceTree = "<group>";
		};
		AD7C7C452B13148500C8A8CE /* Products */ = {
			isa = PBXGroup;
			children = (
				AD7C7C442B13148500C8A8CE /* YTDownloader.app */,
			);
			name = Products;
			sourceTree = "<group>";
		};
		AD7C7C462B13148500C8A8CE /* YTDownloader */ = {
			isa = PBXGroup;
			children = (
				AD7C7C712B14A7C000C8A8CE /* Application */,
				AD7C7C6D2B14A6D100C8A8CE /* Coordinators */,
				ADBCBBFB2B1633370070EDC0 /* Business Layer */,
				ADBCBBF22B1621410070EDC0 /* Core networkLayer */,
				AD7C7C702B14A72500C8A8CE /* Models */,
				AD7C7C6E2B14A6FC00C8A8CE /* First */,
				AD7C7C6F2B14A71500C8A8CE /* Second */,
				AD7C7C7D2B14F3D700C8A8CE /* Extensions and helpers */,
				AD7C7C502B13148600C8A8CE /* Assets.xcassets */,
				AD7C7C522B13148600C8A8CE /* LaunchScreen.storyboard */,
				AD7C7C552B13148600C8A8CE /* Info.plist */,
			);
			path = YTDownloader;
			sourceTree = "<group>";
		};
		AD7C7C6D2B14A6D100C8A8CE /* Coordinators */ = {
			isa = PBXGroup;
			children = (
				AD7C7C5B2B131C9C00C8A8CE /* CoordinatorProtocol.swift */,
				AD7C7C5D2B131D2200C8A8CE /* MainCoordinator.swift */,
				AD7C7C5F2B1320F500C8A8CE /* VideoFlowCoordinator.swift */,
			);
			path = Coordinators;
			sourceTree = "<group>";
		};
		AD7C7C6E2B14A6FC00C8A8CE /* First */ = {
			isa = PBXGroup;
			children = (
				AD7C7C612B13221700C8A8CE /* DownloadViewController.swift */,
				AD7C7C632B1322BA00C8A8CE /* DownloadViewModel.swift */,
			);
			path = First;
			sourceTree = "<group>";
		};
		AD7C7C6F2B14A71500C8A8CE /* Second */ = {
			isa = PBXGroup;
			children = (
				AD7C7C692B147DB600C8A8CE /* ShowViewController.swift */,
				AD7C7C6B2B14833500C8A8CE /* ShowViewModel.swift */,
				AD7C7C762B14C55C00C8A8CE /* Cell */,
			);
			path = Second;
			sourceTree = "<group>";
		};
		AD7C7C702B14A72500C8A8CE /* Models */ = {
			isa = PBXGroup;
			children = (
				ADBB992D2B1DE5EA00E5DBCD /* MediaModel.swift */,
			);
			path = Models;
			sourceTree = "<group>";
		};
		AD7C7C712B14A7C000C8A8CE /* Application */ = {
			isa = PBXGroup;
			children = (
				AD7C7C472B13148500C8A8CE /* AppDelegate.swift */,
				AD7C7C492B13148500C8A8CE /* SceneDelegate.swift */,
			);
			path = Application;
			sourceTree = "<group>";
		};
		AD7C7C762B14C55C00C8A8CE /* Cell */ = {
			isa = PBXGroup;
			children = (
				AD7C7C772B14C6FB00C8A8CE /* HeaderForShowVC.swift */,
				AD7C7C742B14C55800C8A8CE /* CellForShowVC.swift */,
			);
			path = Cell;
			sourceTree = "<group>";
		};
		AD7C7C7D2B14F3D700C8A8CE /* Extensions and helpers */ = {
			isa = PBXGroup;
			children = (
				ADBA6E1C2B18A035006A23EB /* Alerts.swift */,
				ADBEC2ED2B2B0E82002400EF /* DateFormatter.swift */,
				AD7C7C7E2B15C86A00C8A8CE /* Constants.swift */,
				AD9474E92B2B7481002B888A /* JsonModelsURL.swift */,
				AD7C7C792B14CA2200C8A8CE /* UIView + extension.swift */,
				AD7C7C7B2B14F3CF00C8A8CE /* Print + extension.swift */,
				ADBA6E1A2B189C66006A23EB /* Spinner.swift */,
				ADC3C4262B3200BC003D8CDA /* Storage.swift */,
				ADBA6E152B187BDD006A23EB /* String + extension.swift */,
			);
			path = "Extensions and helpers";
			sourceTree = "<group>";
		};
		ADBCBBF22B1621410070EDC0 /* Core networkLayer */ = {
			isa = PBXGroup;
			children = (
				ADBCBBF52B16244D0070EDC0 /* RouterErrors.swift */,
				ADBCBBF72B162E380070EDC0 /* DataMapper.swift */,
				ADBCBBF92B1631700070EDC0 /* MapperError.swift */,
			);
			path = "Core networkLayer";
			sourceTree = "<group>";
		};
		ADBCBBFB2B1633370070EDC0 /* Business Layer */ = {
			isa = PBXGroup;
			children = (
				ADBB992A2B1DDE7700E5DBCD /* YTNetworkService.swift */,
				ADBCBBFF2B163AD20070EDC0 /* NetworkServiceErrors.swift */,
				ADB695672B1A2D41001E4C09 /* LocalFilesManager.swift */,
				ADF2B1432B2080EF002A3304 /* FileManagerErrors.swift */,
			);
			path = "Business Layer";
			sourceTree = "<group>";
		};
		ADEB8EFC2B1F34F700213FCD /* Packages */ = {
			isa = PBXGroup;
			children = (
				AD861BEB2B1F3B30005D60E4 /* XCDYouTubeKit */,
			);
			name = Packages;
			sourceTree = "<group>";
		};
/* End PBXGroup section */

/* Begin PBXNativeTarget section */
		AD7C7C432B13148500C8A8CE /* YTDownloader */ = {
			isa = PBXNativeTarget;
			buildConfigurationList = AD7C7C582B13148600C8A8CE /* Build configuration list for PBXNativeTarget "YTDownloader" */;
			buildPhases = (
				AD7C7C402B13148500C8A8CE /* Sources */,
				AD7C7C412B13148500C8A8CE /* Frameworks */,
				AD7C7C422B13148500C8A8CE /* Resources */,
			);
			buildRules = (
			);
			dependencies = (
			);
			name = YTDownloader;
			packageProductDependencies = (
				ADF2B13E2B204E04002A3304 /* XCDYouTubeKit */,
				ADC3C4292B33451B003D8CDA /* YouTubeKit */,
			);
			productName = YTDownloader;
			productReference = AD7C7C442B13148500C8A8CE /* YTDownloader.app */;
			productType = "com.apple.product-type.application";
		};
/* End PBXNativeTarget section */

/* Begin PBXProject section */
		AD7C7C3C2B13148500C8A8CE /* Project object */ = {
			isa = PBXProject;
			attributes = {
				BuildIndependentTargetsInParallel = 1;
				LastSwiftUpdateCheck = 1430;
				LastUpgradeCheck = 1430;
				TargetAttributes = {
					AD7C7C432B13148500C8A8CE = {
						CreatedOnToolsVersion = 14.3.1;
					};
				};
			};
			buildConfigurationList = AD7C7C3F2B13148500C8A8CE /* Build configuration list for PBXProject "YTDownloader" */;
			compatibilityVersion = "Xcode 14.0";
			developmentRegion = en;
			hasScannedForEncodings = 0;
			knownRegions = (
				en,
				Base,
			);
			mainGroup = AD7C7C3B2B13148500C8A8CE;
			packageReferences = (
				ADF2B13D2B204E04002A3304 /* XCRemoteSwiftPackageReference "XCDYouTubeKit" */,
				ADC3C4282B33451B003D8CDA /* XCRemoteSwiftPackageReference "YouTubeKit" */,
			);
			productRefGroup = AD7C7C452B13148500C8A8CE /* Products */;
			projectDirPath = "";
			projectRoot = "";
			targets = (
				AD7C7C432B13148500C8A8CE /* YTDownloader */,
			);
		};
/* End PBXProject section */

/* Begin PBXResourcesBuildPhase section */
		AD7C7C422B13148500C8A8CE /* Resources */ = {
			isa = PBXResourcesBuildPhase;
			buildActionMask = 2147483647;
			files = (
				AD7C7C542B13148600C8A8CE /* LaunchScreen.storyboard in Resources */,
				AD7C7C512B13148600C8A8CE /* Assets.xcassets in Resources */,
			);
			runOnlyForDeploymentPostprocessing = 0;
		};
/* End PBXResourcesBuildPhase section */

/* Begin PBXSourcesBuildPhase section */
		AD7C7C402B13148500C8A8CE /* Sources */ = {
			isa = PBXSourcesBuildPhase;
			buildActionMask = 2147483647;
			files = (
				AD7C7C602B1320F500C8A8CE /* VideoFlowCoordinator.swift in Sources */,
				ADBA6E162B187BDD006A23EB /* String + extension.swift in Sources */,
				ADBCBC002B163AD20070EDC0 /* NetworkServiceErrors.swift in Sources */,
				AD7C7C482B13148500C8A8CE /* AppDelegate.swift in Sources */,
				ADBB992E2B1DE5EA00E5DBCD /* MediaModel.swift in Sources */,
				AD7C7C622B13221700C8A8CE /* DownloadViewController.swift in Sources */,
				AD7C7C6C2B14833500C8A8CE /* ShowViewModel.swift in Sources */,
				ADBA6E1B2B189C66006A23EB /* Spinner.swift in Sources */,
				AD7C7C7A2B14CA2200C8A8CE /* UIView + extension.swift in Sources */,
				AD7C7C752B14C55800C8A8CE /* CellForShowVC.swift in Sources */,
				AD7C7C5C2B131C9C00C8A8CE /* CoordinatorProtocol.swift in Sources */,
				ADBA6E1D2B18A035006A23EB /* Alerts.swift in Sources */,
				AD7C7C7F2B15C86A00C8A8CE /* Constants.swift in Sources */,
				AD7C7C5E2B131D2200C8A8CE /* MainCoordinator.swift in Sources */,
				AD7C7C6A2B147DB600C8A8CE /* ShowViewController.swift in Sources */,
				ADBCBBFA2B1631700070EDC0 /* MapperError.swift in Sources */,
				ADBCBBF62B16244D0070EDC0 /* RouterErrors.swift in Sources */,
				AD7C7C7C2B14F3CF00C8A8CE /* Print + extension.swift in Sources */,
				ADBB992B2B1DDE7700E5DBCD /* YTNetworkService.swift in Sources */,
				ADB695682B1A2D41001E4C09 /* LocalFilesManager.swift in Sources */,
				AD7C7C642B1322BA00C8A8CE /* DownloadViewModel.swift in Sources */,
				AD7C7C4A2B13148500C8A8CE /* SceneDelegate.swift in Sources */,
				ADF2B1442B2080EF002A3304 /* FileManagerErrors.swift in Sources */,
				ADBEC2EE2B2B0E82002400EF /* DateFormatter.swift in Sources */,
				AD7C7C782B14C6FB00C8A8CE /* HeaderForShowVC.swift in Sources */,
				ADBCBBF82B162E380070EDC0 /* DataMapper.swift in Sources */,
				AD9474EA2B2B7481002B888A /* JsonModelsURL.swift in Sources */,
				ADC3C4272B3200BC003D8CDA /* Storage.swift in Sources */,
			);
			runOnlyForDeploymentPostprocessing = 0;
		};
/* End PBXSourcesBuildPhase section */

/* Begin PBXVariantGroup section */
		AD7C7C522B13148600C8A8CE /* LaunchScreen.storyboard */ = {
			isa = PBXVariantGroup;
			children = (
				AD7C7C532B13148600C8A8CE /* Base */,
			);
			name = LaunchScreen.storyboard;
			sourceTree = "<group>";
		};
/* End PBXVariantGroup section */

/* Begin XCBuildConfiguration section */
		AD7C7C562B13148600C8A8CE /* Debug */ = {
			isa = XCBuildConfiguration;
			buildSettings = {
				ALWAYS_SEARCH_USER_PATHS = NO;
				CLANG_ANALYZER_NONNULL = YES;
				CLANG_ANALYZER_NUMBER_OBJECT_CONVERSION = YES_AGGRESSIVE;
				CLANG_CXX_LANGUAGE_STANDARD = "gnu++20";
				CLANG_ENABLE_MODULES = YES;
				CLANG_ENABLE_OBJC_ARC = YES;
				CLANG_ENABLE_OBJC_WEAK = YES;
				CLANG_WARN_BLOCK_CAPTURE_AUTORELEASING = YES;
				CLANG_WARN_BOOL_CONVERSION = YES;
				CLANG_WARN_COMMA = YES;
				CLANG_WARN_CONSTANT_CONVERSION = YES;
				CLANG_WARN_DEPRECATED_OBJC_IMPLEMENTATIONS = YES;
				CLANG_WARN_DIRECT_OBJC_ISA_USAGE = YES_ERROR;
				CLANG_WARN_DOCUMENTATION_COMMENTS = YES;
				CLANG_WARN_EMPTY_BODY = YES;
				CLANG_WARN_ENUM_CONVERSION = YES;
				CLANG_WARN_INFINITE_RECURSION = YES;
				CLANG_WARN_INT_CONVERSION = YES;
				CLANG_WARN_NON_LITERAL_NULL_CONVERSION = YES;
				CLANG_WARN_OBJC_IMPLICIT_RETAIN_SELF = YES;
				CLANG_WARN_OBJC_LITERAL_CONVERSION = YES;
				CLANG_WARN_OBJC_ROOT_CLASS = YES_ERROR;
				CLANG_WARN_QUOTED_INCLUDE_IN_FRAMEWORK_HEADER = YES;
				CLANG_WARN_RANGE_LOOP_ANALYSIS = YES;
				CLANG_WARN_STRICT_PROTOTYPES = YES;
				CLANG_WARN_SUSPICIOUS_MOVE = YES;
				CLANG_WARN_UNGUARDED_AVAILABILITY = YES_AGGRESSIVE;
				CLANG_WARN_UNREACHABLE_CODE = YES;
				CLANG_WARN__DUPLICATE_METHOD_MATCH = YES;
				COPY_PHASE_STRIP = NO;
				DEBUG_INFORMATION_FORMAT = dwarf;
				ENABLE_STRICT_OBJC_MSGSEND = YES;
				ENABLE_TESTABILITY = YES;
				GCC_C_LANGUAGE_STANDARD = gnu11;
				GCC_DYNAMIC_NO_PIC = NO;
				GCC_NO_COMMON_BLOCKS = YES;
				GCC_OPTIMIZATION_LEVEL = 0;
				GCC_PREPROCESSOR_DEFINITIONS = (
					"DEBUG=1",
					"$(inherited)",
				);
				GCC_WARN_64_TO_32_BIT_CONVERSION = YES;
				GCC_WARN_ABOUT_RETURN_TYPE = YES_ERROR;
				GCC_WARN_UNDECLARED_SELECTOR = YES;
				GCC_WARN_UNINITIALIZED_AUTOS = YES_AGGRESSIVE;
				GCC_WARN_UNUSED_FUNCTION = YES;
				GCC_WARN_UNUSED_VARIABLE = YES;
				IPHONEOS_DEPLOYMENT_TARGET = 16.4;
				MTL_ENABLE_DEBUG_INFO = INCLUDE_SOURCE;
				MTL_FAST_MATH = YES;
				ONLY_ACTIVE_ARCH = YES;
				SDKROOT = iphoneos;
				SWIFT_ACTIVE_COMPILATION_CONDITIONS = DEBUG;
				SWIFT_OPTIMIZATION_LEVEL = "-Onone";
			};
			name = Debug;
		};
		AD7C7C572B13148600C8A8CE /* Release */ = {
			isa = XCBuildConfiguration;
			buildSettings = {
				ALWAYS_SEARCH_USER_PATHS = NO;
				CLANG_ANALYZER_NONNULL = YES;
				CLANG_ANALYZER_NUMBER_OBJECT_CONVERSION = YES_AGGRESSIVE;
				CLANG_CXX_LANGUAGE_STANDARD = "gnu++20";
				CLANG_ENABLE_MODULES = YES;
				CLANG_ENABLE_OBJC_ARC = YES;
				CLANG_ENABLE_OBJC_WEAK = YES;
				CLANG_WARN_BLOCK_CAPTURE_AUTORELEASING = YES;
				CLANG_WARN_BOOL_CONVERSION = YES;
				CLANG_WARN_COMMA = YES;
				CLANG_WARN_CONSTANT_CONVERSION = YES;
				CLANG_WARN_DEPRECATED_OBJC_IMPLEMENTATIONS = YES;
				CLANG_WARN_DIRECT_OBJC_ISA_USAGE = YES_ERROR;
				CLANG_WARN_DOCUMENTATION_COMMENTS = YES;
				CLANG_WARN_EMPTY_BODY = YES;
				CLANG_WARN_ENUM_CONVERSION = YES;
				CLANG_WARN_INFINITE_RECURSION = YES;
				CLANG_WARN_INT_CONVERSION = YES;
				CLANG_WARN_NON_LITERAL_NULL_CONVERSION = YES;
				CLANG_WARN_OBJC_IMPLICIT_RETAIN_SELF = YES;
				CLANG_WARN_OBJC_LITERAL_CONVERSION = YES;
				CLANG_WARN_OBJC_ROOT_CLASS = YES_ERROR;
				CLANG_WARN_QUOTED_INCLUDE_IN_FRAMEWORK_HEADER = YES;
				CLANG_WARN_RANGE_LOOP_ANALYSIS = YES;
				CLANG_WARN_STRICT_PROTOTYPES = YES;
				CLANG_WARN_SUSPICIOUS_MOVE = YES;
				CLANG_WARN_UNGUARDED_AVAILABILITY = YES_AGGRESSIVE;
				CLANG_WARN_UNREACHABLE_CODE = YES;
				CLANG_WARN__DUPLICATE_METHOD_MATCH = YES;
				COPY_PHASE_STRIP = NO;
				DEBUG_INFORMATION_FORMAT = "dwarf-with-dsym";
				ENABLE_NS_ASSERTIONS = NO;
				ENABLE_STRICT_OBJC_MSGSEND = YES;
				GCC_C_LANGUAGE_STANDARD = gnu11;
				GCC_NO_COMMON_BLOCKS = YES;
				GCC_WARN_64_TO_32_BIT_CONVERSION = YES;
				GCC_WARN_ABOUT_RETURN_TYPE = YES_ERROR;
				GCC_WARN_UNDECLARED_SELECTOR = YES;
				GCC_WARN_UNINITIALIZED_AUTOS = YES_AGGRESSIVE;
				GCC_WARN_UNUSED_FUNCTION = YES;
				GCC_WARN_UNUSED_VARIABLE = YES;
				IPHONEOS_DEPLOYMENT_TARGET = 16.4;
				MTL_ENABLE_DEBUG_INFO = NO;
				MTL_FAST_MATH = YES;
				SDKROOT = iphoneos;
				SWIFT_COMPILATION_MODE = wholemodule;
				SWIFT_OPTIMIZATION_LEVEL = "-O";
				VALIDATE_PRODUCT = YES;
			};
			name = Release;
		};
		AD7C7C592B13148600C8A8CE /* Debug */ = {
			isa = XCBuildConfiguration;
			buildSettings = {
				ASSETCATALOG_COMPILER_APPICON_NAME = AppIcon;
				ASSETCATALOG_COMPILER_GLOBAL_ACCENT_COLOR_NAME = AccentColor;
				CODE_SIGN_STYLE = Automatic;
				CURRENT_PROJECT_VERSION = 1;
				DEVELOPMENT_TEAM = 994K78QDG8;
				GENERATE_INFOPLIST_FILE = YES;
				INFOPLIST_FILE = YTDownloader/Info.plist;
				INFOPLIST_KEY_CFBundleDisplayName = "";
				INFOPLIST_KEY_LSApplicationCategoryType = "";
				INFOPLIST_KEY_NSAppleMusicUsageDescription = "";
				INFOPLIST_KEY_NSPhotoLibraryAddUsageDescription = "YTDowloader requires access to the Photo Library to add files";
				INFOPLIST_KEY_NSPhotoLibraryUsageDescription = "YTDownloader requires accsess to Photo Library";
				INFOPLIST_KEY_UILaunchStoryboardName = LaunchScreen;
				INFOPLIST_KEY_UISupportedInterfaceOrientations_iPad = "UIInterfaceOrientationPortrait UIInterfaceOrientationPortraitUpsideDown UIInterfaceOrientationLandscapeLeft UIInterfaceOrientationLandscapeRight";
				INFOPLIST_KEY_UISupportedInterfaceOrientations_iPhone = "UIInterfaceOrientationPortrait UIInterfaceOrientationLandscapeLeft UIInterfaceOrientationLandscapeRight";
				LD_RUNPATH_SEARCH_PATHS = (
					"$(inherited)",
					"@executable_path/Frameworks",
				);
				MARKETING_VERSION = 1.0;
				PRODUCT_BUNDLE_IDENTIFIER = i.YTDownloader;
				PRODUCT_NAME = "$(TARGET_NAME)";
				SWIFT_EMIT_LOC_STRINGS = YES;
				SWIFT_VERSION = 5.0;
				TARGETED_DEVICE_FAMILY = "1,2";
			};
			name = Debug;
		};
		AD7C7C5A2B13148600C8A8CE /* Release */ = {
			isa = XCBuildConfiguration;
			buildSettings = {
				ASSETCATALOG_COMPILER_APPICON_NAME = AppIcon;
				ASSETCATALOG_COMPILER_GLOBAL_ACCENT_COLOR_NAME = AccentColor;
				CODE_SIGN_STYLE = Automatic;
				CURRENT_PROJECT_VERSION = 1;
				DEVELOPMENT_TEAM = 994K78QDG8;
				GENERATE_INFOPLIST_FILE = YES;
				INFOPLIST_FILE = YTDownloader/Info.plist;
				INFOPLIST_KEY_CFBundleDisplayName = "";
				INFOPLIST_KEY_LSApplicationCategoryType = "";
				INFOPLIST_KEY_NSAppleMusicUsageDescription = "";
				INFOPLIST_KEY_NSPhotoLibraryAddUsageDescription = "YTDowloader requires access to the Photo Library to add files";
				INFOPLIST_KEY_NSPhotoLibraryUsageDescription = "YTDownloader requires accsess to Photo Library";
				INFOPLIST_KEY_UILaunchStoryboardName = LaunchScreen;
				INFOPLIST_KEY_UISupportedInterfaceOrientations_iPad = "UIInterfaceOrientationPortrait UIInterfaceOrientationPortraitUpsideDown UIInterfaceOrientationLandscapeLeft UIInterfaceOrientationLandscapeRight";
				INFOPLIST_KEY_UISupportedInterfaceOrientations_iPhone = "UIInterfaceOrientationPortrait UIInterfaceOrientationLandscapeLeft UIInterfaceOrientationLandscapeRight";
				LD_RUNPATH_SEARCH_PATHS = (
					"$(inherited)",
					"@executable_path/Frameworks",
				);
				MARKETING_VERSION = 1.0;
				PRODUCT_BUNDLE_IDENTIFIER = i.YTDownloader;
				PRODUCT_NAME = "$(TARGET_NAME)";
				SWIFT_EMIT_LOC_STRINGS = YES;
				SWIFT_VERSION = 5.0;
				TARGETED_DEVICE_FAMILY = "1,2";
			};
			name = Release;
		};
/* End XCBuildConfiguration section */

/* Begin XCConfigurationList section */
		AD7C7C3F2B13148500C8A8CE /* Build configuration list for PBXProject "YTDownloader" */ = {
			isa = XCConfigurationList;
			buildConfigurations = (
				AD7C7C562B13148600C8A8CE /* Debug */,
				AD7C7C572B13148600C8A8CE /* Release */,
			);
			defaultConfigurationIsVisible = 0;
			defaultConfigurationName = Release;
		};
		AD7C7C582B13148600C8A8CE /* Build configuration list for PBXNativeTarget "YTDownloader" */ = {
			isa = XCConfigurationList;
			buildConfigurations = (
				AD7C7C592B13148600C8A8CE /* Debug */,
				AD7C7C5A2B13148600C8A8CE /* Release */,
			);
			defaultConfigurationIsVisible = 0;
			defaultConfigurationName = Release;
		};
/* End XCConfigurationList section */

/* Begin XCRemoteSwiftPackageReference section */
		ADC3C4282B33451B003D8CDA /* XCRemoteSwiftPackageReference "YouTubeKit" */ = {
			isa = XCRemoteSwiftPackageReference;
			repositoryURL = "https://github.com/Jeehut/YouTubeKit.git";
			requirement = {
				branch = main;
				kind = branch;
			};
		};
		ADF2B13D2B204E04002A3304 /* XCRemoteSwiftPackageReference "XCDYouTubeKit" */ = {
			isa = XCRemoteSwiftPackageReference;
			repositoryURL = "https://github.com/cbg-dev-k/XCDYouTubeKit.git";
			requirement = {
				kind = upToNextMajorVersion;
				minimumVersion = 2.0.0;
			};
		};
/* End XCRemoteSwiftPackageReference section */

/* Begin XCSwiftPackageProductDependency section */
		ADC3C4292B33451B003D8CDA /* YouTubeKit */ = {
			isa = XCSwiftPackageProductDependency;
			package = ADC3C4282B33451B003D8CDA /* XCRemoteSwiftPackageReference "YouTubeKit" */;
			productName = YouTubeKit;
		};
		ADF2B13E2B204E04002A3304 /* XCDYouTubeKit */ = {
			isa = XCSwiftPackageProductDependency;
			package = ADF2B13D2B204E04002A3304 /* XCRemoteSwiftPackageReference "XCDYouTubeKit" */;
			productName = XCDYouTubeKit;
		};
/* End XCSwiftPackageProductDependency section */
	};
	rootObject = AD7C7C3C2B13148500C8A8CE /* Project object */;
}
